
Microsoft Visual Studio Solution File, Format Version 12.00
# Visual Studio Version 17
VisualStudioVersion = 17.2.32505.173
MinimumVisualStudioVersion = 10.0.40219.1
Project("{F184B08F-C81C-45F6-A57F-5ABD9991F28F}") = "PROJET_GESTION_DE_NOTES", "PROJET_GESTION_DE_NOTES\PROJET_GESTION_DE_NOTES.vbproj", "{0B5F5CB7-5F81-47FD-B07E-515BC5B530CC}"
EndProject
Global
	GlobalSection(SolutionConfigurationPlatforms) = preSolution
		Debug|Any CPU = Debug|Any CPU
		Release|Any CPU = Release|Any CPU
	EndGlobalSection
	GlobalSection(ProjectConfigurationPlatforms) = postSolution
		{0B5F5CB7-5F81-47FD-B07E-515BC5B530CC}.Debug|Any CPU.ActiveCfg = Debug|Any CPU
		{0B5F5CB7-5F81-47FD-B07E-515BC5B530CC}.Debug|Any CPU.Build.0 = Debug|Any CPU
		{0B5F5CB7-5F81-47FD-B07E-515BC5B530CC}.Release|Any CPU.ActiveCfg = Release|Any CPU
		{0B5F5CB7-5F81-47FD-B07E-515BC5B530CC}.Release|Any CPU.Build.0 = Release|Any CPU
	EndGlobalSection
	GlobalSection(SolutionProperties) = preSolution
		HideSolutionNode = FALSE
	EndGlobalSection
	GlobalSection(ExtensibilityGlobals) = postSolution
		SolutionGuid = {F4A6ABD6-E860-49CF-A510-C8577EB2178C}
	EndGlobalSection
EndGlobal
